
Microsoft Visual Studio Solution File, Format Version 12.00
# Visual Studio Version 17
VisualStudioVersion = 17.6.33712.159
MinimumVisualStudioVersion = 10.0.40219.1
Project("{2150E333-8FDC-42A3-9474-1A3956D46DE8}") = "src", "src", "{9218E6A1-6DD9-4BE8-994C-2FEAB7AE5AD1}"
EndProject
Project("{2150E333-8FDC-42A3-9474-1A3956D46DE8}") = "test", "test", "{CE3964B4-77D1-45ED-84CA-FA845D90550E}"
EndProject
Project("{2150E333-8FDC-42A3-9474-1A3956D46DE8}") = "API", "API", "{7EE8B708-5EE0-460A-8E73-3BA7D00ECDC8}"
EndProject
Project("{2150E333-8FDC-42A3-9474-1A3956D46DE8}") = "Core", "Core", "{391A72FF-2758-48E4-87D3-36104CB7AE10}"
EndProject
Project("{2150E333-8FDC-42A3-9474-1A3956D46DE8}") = "Infrastructure", "Infrastructure", "{53F680EF-280C-435B-99AB-BC386997E25D}"
EndProject
Project("{2150E333-8FDC-42A3-9474-1A3956D46DE8}") = "UI", "UI", "{3E2E7A4C-1953-47CE-8977-607B506716E6}"
EndProject
Project("{9A19103F-16F7-4668-BE54-9A1E7A4F7556}") = "HR.LeaveManagement.Domain", "HR.LeaveManagement.Domain\HR.LeaveManagement.Domain.csproj", "{CEFAE73C-963F-4AD8-95D5-ACF1238F9E01}"
EndProject
Project("{9A19103F-16F7-4668-BE54-9A1E7A4F7556}") = "HR.LeaveManagement.Application", "HR.LeaveManagement.Application\HR.LeaveManagement.Application.csproj", "{A98A23C8-C0CF-430E-B8EC-FBAD9CC1A0CA}"
EndProject
Project("{9A19103F-16F7-4668-BE54-9A1E7A4F7556}") = "HR.LeaveManagement.Persistence", "HR.LeaveManagement.Persistence\HR.LeaveManagement.Persistence.csproj", "{4E212A36-4269-4B08-A803-D8D21841CFE7}"
EndProject
Project("{9A19103F-16F7-4668-BE54-9A1E7A4F7556}") = "HR.LeaveManagement.Infrastructure", "HR.LeaveManagement.Infrastructure\HR.LeaveManagement.Infrastructure.csproj", "{08D4A904-BA20-4DF8-AE8A-8BC297F22847}"
EndProject
Project("{9A19103F-16F7-4668-BE54-9A1E7A4F7556}") = "HR.LeaveManagement.Api", "HR.LeaveManagement.Api\HR.LeaveManagement.Api.csproj", "{96DEC9F6-423E-42D5-99EE-A9D1A2FF04C2}"
EndProject
Project("{9A19103F-16F7-4668-BE54-9A1E7A4F7556}") = "HR.LeaveManagement.Application.UnitTests", "HR.LeaveManagement.Application.UnitTests\HR.LeaveManagement.Application.UnitTests.csproj", "{CD658833-C75F-4BF8-8E6C-6A9B1A0AE61C}"
EndProject
Project("{9A19103F-16F7-4668-BE54-9A1E7A4F7556}") = "HR.LeaveManagment.Persistence.IntegrationTests", "HR.LeaveManagment.Persistence.IntegrationTests\HR.LeaveManagment.Persistence.IntegrationTests.csproj", "{42953FFE-B82A-4AD5-AA66-F085F5D11876}"
EndProject
Project("{9A19103F-16F7-4668-BE54-9A1E7A4F7556}") = "HR.LeaveManagement.BlazorUI", "HR.LeaveManagement.BlazorUI\HR.LeaveManagement.BlazorUI.csproj", "{58467D9E-54B9-4E1E-9DDB-6F8FB4822013}"
EndProject
Project("{9A19103F-16F7-4668-BE54-9A1E7A4F7556}") = "HR.LeaveManagement.Identity", "HR.LeaveManagement.Identity\HR.LeaveManagement.Identity.csproj", "{C0D492FE-6D83-466B-A704-6B9151F369DA}"
EndProject
Global
	GlobalSection(SolutionConfigurationPlatforms) = preSolution
		Debug|Any CPU = Debug|Any CPU
		Release|Any CPU = Release|Any CPU
	EndGlobalSection
	GlobalSection(ProjectConfigurationPlatforms) = postSolution
		{CEFAE73C-963F-4AD8-95D5-ACF1238F9E01}.Debug|Any CPU.ActiveCfg = Debug|Any CPU
		{CEFAE73C-963F-4AD8-95D5-ACF1238F9E01}.Debug|Any CPU.Build.0 = Debug|Any CPU
		{CEFAE73C-963F-4AD8-95D5-ACF1238F9E01}.Release|Any CPU.ActiveCfg = Release|Any CPU
		{CEFAE73C-963F-4AD8-95D5-ACF1238F9E01}.Release|Any CPU.Build.0 = Release|Any CPU
		{A98A23C8-C0CF-430E-B8EC-FBAD9CC1A0CA}.Debug|Any CPU.ActiveCfg = Debug|Any CPU
		{A98A23C8-C0CF-430E-B8EC-FBAD9CC1A0CA}.Debug|Any CPU.Build.0 = Debug|Any CPU
		{A98A23C8-C0CF-430E-B8EC-FBAD9CC1A0CA}.Release|Any CPU.ActiveCfg = Release|Any CPU
		{A98A23C8-C0CF-430E-B8EC-FBAD9CC1A0CA}.Release|Any CPU.Build.0 = Release|Any CPU
		{4E212A36-4269-4B08-A803-D8D21841CFE7}.Debug|Any CPU.ActiveCfg = Debug|Any CPU
		{4E212A36-4269-4B08-A803-D8D21841CFE7}.Debug|Any CPU.Build.0 = Debug|Any CPU
		{4E212A36-4269-4B08-A803-D8D21841CFE7}.Release|Any CPU.ActiveCfg = Release|Any CPU
		{4E212A36-4269-4B08-A803-D8D21841CFE7}.Release|Any CPU.Build.0 = Release|Any CPU
		{08D4A904-BA20-4DF8-AE8A-8BC297F22847}.Debug|Any CPU.ActiveCfg = Debug|Any CPU
		{08D4A904-BA20-4DF8-AE8A-8BC297F22847}.Debug|Any CPU.Build.0 = Debug|Any CPU
		{08D4A904-BA20-4DF8-AE8A-8BC297F22847}.Release|Any CPU.ActiveCfg = Release|Any CPU
		{08D4A904-BA20-4DF8-AE8A-8BC297F22847}.Release|Any CPU.Build.0 = Release|Any CPU
		{96DEC9F6-423E-42D5-99EE-A9D1A2FF04C2}.Debug|Any CPU.ActiveCfg = Debug|Any CPU
		{96DEC9F6-423E-42D5-99EE-A9D1A2FF04C2}.Debug|Any CPU.Build.0 = Debug|Any CPU
		{96DEC9F6-423E-42D5-99EE-A9D1A2FF04C2}.Release|Any CPU.ActiveCfg = Release|Any CPU
		{96DEC9F6-423E-42D5-99EE-A9D1A2FF04C2}.Release|Any CPU.Build.0 = Release|Any CPU
		{CD658833-C75F-4BF8-8E6C-6A9B1A0AE61C}.Debug|Any CPU.ActiveCfg = Debug|Any CPU
		{CD658833-C75F-4BF8-8E6C-6A9B1A0AE61C}.Debug|Any CPU.Build.0 = Debug|Any CPU
		{CD658833-C75F-4BF8-8E6C-6A9B1A0AE61C}.Release|Any CPU.ActiveCfg = Release|Any CPU
		{CD658833-C75F-4BF8-8E6C-6A9B1A0AE61C}.Release|Any CPU.Build.0 = Release|Any CPU
		{42953FFE-B82A-4AD5-AA66-F085F5D11876}.Debug|Any CPU.ActiveCfg = Debug|Any CPU
		{42953FFE-B82A-4AD5-AA66-F085F5D11876}.Debug|Any CPU.Build.0 = Debug|Any CPU
		{42953FFE-B82A-4AD5-AA66-F085F5D11876}.Release|Any CPU.ActiveCfg = Release|Any CPU
		{42953FFE-B82A-4AD5-AA66-F085F5D11876}.Release|Any CPU.Build.0 = Release|Any CPU
		{58467D9E-54B9-4E1E-9DDB-6F8FB4822013}.Debug|Any CPU.ActiveCfg = Debug|Any CPU
		{58467D9E-54B9-4E1E-9DDB-6F8FB4822013}.Debug|Any CPU.Build.0 = Debug|Any CPU
		{58467D9E-54B9-4E1E-9DDB-6F8FB4822013}.Release|Any CPU.ActiveCfg = Release|Any CPU
		{58467D9E-54B9-4E1E-9DDB-6F8FB4822013}.Release|Any CPU.Build.0 = Release|Any CPU
		{C0D492FE-6D83-466B-A704-6B9151F369DA}.Debug|Any CPU.ActiveCfg = Debug|Any CPU
		{C0D492FE-6D83-466B-A704-6B9151F369DA}.Debug|Any CPU.Build.0 = Debug|Any CPU
		{C0D492FE-6D83-466B-A704-6B9151F369DA}.Release|Any CPU.ActiveCfg = Release|Any CPU
		{C0D492FE-6D83-466B-A704-6B9151F369DA}.Release|Any CPU.Build.0 = Release|Any CPU
	EndGlobalSection
	GlobalSection(SolutionProperties) = preSolution
		HideSolutionNode = FALSE
	EndGlobalSection
	GlobalSection(NestedProjects) = preSolution
		{7EE8B708-5EE0-460A-8E73-3BA7D00ECDC8} = {9218E6A1-6DD9-4BE8-994C-2FEAB7AE5AD1}
		{391A72FF-2758-48E4-87D3-36104CB7AE10} = {9218E6A1-6DD9-4BE8-994C-2FEAB7AE5AD1}
		{53F680EF-280C-435B-99AB-BC386997E25D} = {9218E6A1-6DD9-4BE8-994C-2FEAB7AE5AD1}
		{3E2E7A4C-1953-47CE-8977-607B506716E6} = {9218E6A1-6DD9-4BE8-994C-2FEAB7AE5AD1}
		{CEFAE73C-963F-4AD8-95D5-ACF1238F9E01} = {391A72FF-2758-48E4-87D3-36104CB7AE10}
		{A98A23C8-C0CF-430E-B8EC-FBAD9CC1A0CA} = {391A72FF-2758-48E4-87D3-36104CB7AE10}
		{4E212A36-4269-4B08-A803-D8D21841CFE7} = {53F680EF-280C-435B-99AB-BC386997E25D}
		{08D4A904-BA20-4DF8-AE8A-8BC297F22847} = {53F680EF-280C-435B-99AB-BC386997E25D}
		{96DEC9F6-423E-42D5-99EE-A9D1A2FF04C2} = {7EE8B708-5EE0-460A-8E73-3BA7D00ECDC8}
		{CD658833-C75F-4BF8-8E6C-6A9B1A0AE61C} = {CE3964B4-77D1-45ED-84CA-FA845D90550E}
		{42953FFE-B82A-4AD5-AA66-F085F5D11876} = {CE3964B4-77D1-45ED-84CA-FA845D90550E}
		{58467D9E-54B9-4E1E-9DDB-6F8FB4822013} = {3E2E7A4C-1953-47CE-8977-607B506716E6}
		{C0D492FE-6D83-466B-A704-6B9151F369DA} = {53F680EF-280C-435B-99AB-BC386997E25D}
	EndGlobalSection
	GlobalSection(ExtensibilityGlobals) = postSolution
		SolutionGuid = {B888CE27-30BE-4356-8275-51DF8EAEA858}
	EndGlobalSection
EndGlobal
